
Microsoft Visual Studio Solution File, Format Version 12.00
# Visual Studio 14
VisualStudioVersion = 14.0.25420.1
MinimumVisualStudioVersion = 10.0.40219.1
Project("{FAE04EC0-301F-11D3-BF4B-00C04F79EFBC}") = "WPFCookBook.Desktop", "WPFCookBook\WPFCookBook.Desktop.csproj", "{8A95DBEF-A0DE-4103-BB80-CCF0BA923D16}"
EndProject
Project("{FAE04EC0-301F-11D3-BF4B-00C04F79EFBC}") = "FsRichTextBox", "..\..\..\Downloads\ricdhT-Test\FsRichTextBox\FsRichTextBox\FsRichTextBox.csproj", "{091CE5BC-D5C3-4752-A244-053664873941}"
EndProject
Project("{FAE04EC0-301F-11D3-BF4B-00C04F79EFBC}") = "WpfCookBook.DB", "WpfCookBook.DB\WpfCookBook.DB.csproj", "{50184CA7-0D51-4D56-ABF0-59437C986930}"
EndProject
Project("{FAE04EC0-301F-11D3-BF4B-00C04F79EFBC}") = "WPFCookBook.CustomControls", "WPFCookBook.CustomControls\WPFCookBook.CustomControls.csproj", "{0F64D522-FE56-4047-A3EF-B8A9206AC597}"
EndProject
Project("{FAE04EC0-301F-11D3-BF4B-00C04F79EFBC}") = "WPFCookBook.CourseContent", "WPFCookBook.CourseContent\WPFCookBook.CourseContent.csproj", "{99F1C1AC-6FC5-4EEC-93ED-9BE144DC1064}"
EndProject
Project("{FAE04EC0-301F-11D3-BF4B-00C04F79EFBC}") = "WPFCookBook.Shared", "WPFCookBook.Shared\WPFCookBook.Shared.csproj", "{7DC1B43C-945B-4DED-B782-63F546CD6801}"
EndProject
Project("{FAE04EC0-301F-11D3-BF4B-00C04F79EFBC}") = "WPFCookBook.Services", "WPFCookBook.Services\WPFCookBook.Services.csproj", "{4CD72F72-9768-4A68-977E-A733D344E92E}"
EndProject
Project("{FAE04EC0-301F-11D3-BF4B-00C04F79EFBC}") = "WPFCookBook.WCFDataService", "WPFCookBook.WCFDataService\WPFCookBook.WCFDataService.csproj", "{7497333A-593C-4BBE-B083-7164F6E6EA46}"
EndProject
Global
	GlobalSection(SolutionConfigurationPlatforms) = preSolution
		Debug|Any CPU = Debug|Any CPU
		Release|Any CPU = Release|Any CPU
	EndGlobalSection
	GlobalSection(ProjectConfigurationPlatforms) = postSolution
		{8A95DBEF-A0DE-4103-BB80-CCF0BA923D16}.Debug|Any CPU.ActiveCfg = Debug|Any CPU
		{8A95DBEF-A0DE-4103-BB80-CCF0BA923D16}.Debug|Any CPU.Build.0 = Debug|Any CPU
		{8A95DBEF-A0DE-4103-BB80-CCF0BA923D16}.Release|Any CPU.ActiveCfg = Release|Any CPU
		{8A95DBEF-A0DE-4103-BB80-CCF0BA923D16}.Release|Any CPU.Build.0 = Release|Any CPU
		{091CE5BC-D5C3-4752-A244-053664873941}.Debug|Any CPU.ActiveCfg = Debug|Any CPU
		{091CE5BC-D5C3-4752-A244-053664873941}.Debug|Any CPU.Build.0 = Debug|Any CPU
		{091CE5BC-D5C3-4752-A244-053664873941}.Release|Any CPU.ActiveCfg = Release|Any CPU
		{091CE5BC-D5C3-4752-A244-053664873941}.Release|Any CPU.Build.0 = Release|Any CPU
		{50184CA7-0D51-4D56-ABF0-59437C986930}.Debug|Any CPU.ActiveCfg = Debug|Any CPU
		{50184CA7-0D51-4D56-ABF0-59437C986930}.Debug|Any CPU.Build.0 = Debug|Any CPU
		{50184CA7-0D51-4D56-ABF0-59437C986930}.Release|Any CPU.ActiveCfg = Release|Any CPU
		{50184CA7-0D51-4D56-ABF0-59437C986930}.Release|Any CPU.Build.0 = Release|Any CPU
		{0F64D522-FE56-4047-A3EF-B8A9206AC597}.Debug|Any CPU.ActiveCfg = Debug|Any CPU
		{0F64D522-FE56-4047-A3EF-B8A9206AC597}.Debug|Any CPU.Build.0 = Debug|Any CPU
		{0F64D522-FE56-4047-A3EF-B8A9206AC597}.Release|Any CPU.ActiveCfg = Release|Any CPU
		{0F64D522-FE56-4047-A3EF-B8A9206AC597}.Release|Any CPU.Build.0 = Release|Any CPU
		{99F1C1AC-6FC5-4EEC-93ED-9BE144DC1064}.Debug|Any CPU.ActiveCfg = Debug|Any CPU
		{99F1C1AC-6FC5-4EEC-93ED-9BE144DC1064}.Debug|Any CPU.Build.0 = Debug|Any CPU
		{99F1C1AC-6FC5-4EEC-93ED-9BE144DC1064}.Release|Any CPU.ActiveCfg = Release|Any CPU
		{99F1C1AC-6FC5-4EEC-93ED-9BE144DC1064}.Release|Any CPU.Build.0 = Release|Any CPU
		{7DC1B43C-945B-4DED-B782-63F546CD6801}.Debug|Any CPU.ActiveCfg = Debug|Any CPU
		{7DC1B43C-945B-4DED-B782-63F546CD6801}.Debug|Any CPU.Build.0 = Debug|Any CPU
		{7DC1B43C-945B-4DED-B782-63F546CD6801}.Release|Any CPU.ActiveCfg = Release|Any CPU
		{7DC1B43C-945B-4DED-B782-63F546CD6801}.Release|Any CPU.Build.0 = Release|Any CPU
		{4CD72F72-9768-4A68-977E-A733D344E92E}.Debug|Any CPU.ActiveCfg = Debug|Any CPU
		{4CD72F72-9768-4A68-977E-A733D344E92E}.Debug|Any CPU.Build.0 = Debug|Any CPU
		{4CD72F72-9768-4A68-977E-A733D344E92E}.Release|Any CPU.ActiveCfg = Release|Any CPU
		{4CD72F72-9768-4A68-977E-A733D344E92E}.Release|Any CPU.Build.0 = Release|Any CPU
		{7497333A-593C-4BBE-B083-7164F6E6EA46}.Debug|Any CPU.ActiveCfg = Debug|Any CPU
		{7497333A-593C-4BBE-B083-7164F6E6EA46}.Debug|Any CPU.Build.0 = Debug|Any CPU
		{7497333A-593C-4BBE-B083-7164F6E6EA46}.Release|Any CPU.ActiveCfg = Release|Any CPU
		{7497333A-593C-4BBE-B083-7164F6E6EA46}.Release|Any CPU.Build.0 = Release|Any CPU
	EndGlobalSection
	GlobalSection(SolutionProperties) = preSolution
		HideSolutionNode = FALSE
	EndGlobalSection
	GlobalSection(ExtensibilityGlobals) = postSolution
		SolutionGuid = {0D115332-D460-4AE5-9E69-ADC25FF3E2A4}
	EndGlobalSection
EndGlobal
