
Microsoft Visual Studio Solution File, Format Version 12.00
# Visual Studio Version 16
VisualStudioVersion = 16.0.28809.33
MinimumVisualStudioVersion = 10.0.40219.1
Project("{FAE04EC0-301F-11D3-BF4B-00C04F79EFBC}") = "WPFCookBook", "WPFCookBook\WPFCookBook.csproj", "{8A95DBEF-A0DE-4103-BB80-CCF0BA923D16}"
EndProject
Project("{FAE04EC0-301F-11D3-BF4B-00C04F79EFBC}") = "FsRichTextBox", "..\..\..\Downloads\ricdhT-Test\FsRichTextBox\FsRichTextBox\FsRichTextBox.csproj", "{091CE5BC-D5C3-4752-A244-053664873941}"
EndProject
Project("{FAE04EC0-301F-11D3-BF4B-00C04F79EFBC}") = "WpfCookBook.DataAccess", "WpfCookBook.DataAccess\WpfCookBook.DataAccess.csproj", "{17BD02D5-38AD-4A39-A929-95B44C3D3D5E}"
EndProject
Global
	GlobalSection(SolutionConfigurationPlatforms) = preSolution
		Debug|Any CPU = Debug|Any CPU
		Release|Any CPU = Release|Any CPU
	EndGlobalSection
	GlobalSection(ProjectConfigurationPlatforms) = postSolution
		{8A95DBEF-A0DE-4103-BB80-CCF0BA923D16}.Debug|Any CPU.ActiveCfg = Debug|Any CPU
		{8A95DBEF-A0DE-4103-BB80-CCF0BA923D16}.Debug|Any CPU.Build.0 = Debug|Any CPU
		{8A95DBEF-A0DE-4103-BB80-CCF0BA923D16}.Release|Any CPU.ActiveCfg = Release|Any CPU
		{8A95DBEF-A0DE-4103-BB80-CCF0BA923D16}.Release|Any CPU.Build.0 = Release|Any CPU
		{091CE5BC-D5C3-4752-A244-053664873941}.Debug|Any CPU.ActiveCfg = Debug|Any CPU
		{091CE5BC-D5C3-4752-A244-053664873941}.Debug|Any CPU.Build.0 = Debug|Any CPU
		{091CE5BC-D5C3-4752-A244-053664873941}.Release|Any CPU.ActiveCfg = Release|Any CPU
		{091CE5BC-D5C3-4752-A244-053664873941}.Release|Any CPU.Build.0 = Release|Any CPU
		{17BD02D5-38AD-4A39-A929-95B44C3D3D5E}.Debug|Any CPU.ActiveCfg = Debug|Any CPU
		{17BD02D5-38AD-4A39-A929-95B44C3D3D5E}.Debug|Any CPU.Build.0 = Debug|Any CPU
		{17BD02D5-38AD-4A39-A929-95B44C3D3D5E}.Release|Any CPU.ActiveCfg = Release|Any CPU
		{17BD02D5-38AD-4A39-A929-95B44C3D3D5E}.Release|Any CPU.Build.0 = Release|Any CPU
	EndGlobalSection
	GlobalSection(SolutionProperties) = preSolution
		HideSolutionNode = FALSE
	EndGlobalSection
	GlobalSection(ExtensibilityGlobals) = postSolution
		SolutionGuid = {0D115332-D460-4AE5-9E69-ADC25FF3E2A4}
	EndGlobalSection
EndGlobal
